github.com/gonejack/glogger v1.0.0/go.mod h1:ZSAxG8a5P69BefLUJz914enBT0xTWbEg/1l/BL1RN6o=
github.com/gonejack/glogger v1.0.1 h1:yLbVw4QVy4NnTawvvUdikEMQ73gnUMbULVhWKnhQGY0=
github.com/gonejack/glogger v1.0.1/go.mod h1:ZSAxG8a5P69BefLUJz914enBT0xTWbEg/1l/BL1RN6o=
github.com/gonejack/glogger v1.0.2 h1:oqjVKKQNbxGDqE80JKx/lEX3Dt6E0QBKPqRY8Mil1I8=
github.com/gonejack/glogger v1.0.2/go.mod h1:ZSAxG8a5P69BefLUJz914enBT0xTWbEg/1l/BL1RN6o=
